
Microsoft Visual Studio Solution File, Format Version 12.00
# Visual Studio 15
VisualStudioVersion = 15.0.27130.2024
MinimumVisualStudioVersion = 10.0.40219.1
Project("{F184B08F-C81C-45F6-A57F-5ABD9991F28F}") = "Projectboard", "Projectboard\Projectboard.vbproj", "{3CDE9F31-6693-4AF9-AF7F-81FAC9D0A600}"
	ProjectSection(ProjectDependencies) = postProject
		{E20C6D16-B28D-481A-B4FF-52FA762D0156} = {E20C6D16-B28D-481A-B4FF-52FA762D0156}
		{B833E439-5C8B-41B3-8526-C8300E50D8DA} = {B833E439-5C8B-41B3-8526-C8300E50D8DA}
		{352A645D-D9C8-4902-9B8C-20F832AC8CDB} = {352A645D-D9C8-4902-9B8C-20F832AC8CDB}
		{59210896-68D1-4A34-91CC-8D015ECA7061} = {59210896-68D1-4A34-91CC-8D015ECA7061}
	EndProjectSection
EndProject
Project("{FAE04EC0-301F-11D3-BF4B-00C04F79EFBC}") = "MongoDbAccess", "MongoDbAccess\MongoDbAccess.csproj", "{352A645D-D9C8-4902-9B8C-20F832AC8CDB}"
EndProject
Project("{FAE04EC0-301F-11D3-BF4B-00C04F79EFBC}") = "WPFPieChart", "WPFPieChart\WPFPieChart.csproj", "{59210896-68D1-4A34-91CC-8D015ECA7061}"
EndProject
Project("{F184B08F-C81C-45F6-A57F-5ABD9991F28F}") = "ProjectBoardDefinitions", "ProjectBoardDefinitions\ProjectBoardDefinitions.vbproj", "{B833E439-5C8B-41B3-8526-C8300E50D8DA}"
EndProject
Project("{F184B08F-C81C-45F6-A57F-5ABD9991F28F}") = "ClassLibrary1", "ClassLibrary1\ClassLibrary1.vbproj", "{E20C6D16-B28D-481A-B4FF-52FA762D0156}"
EndProject
Project("{F184B08F-C81C-45F6-A57F-5ABD9991F28F}") = "ProjectBoardBasic", "ProjectBoardBasic\ProjectBoardBasic.vbproj", "{ECDEC86C-6F2F-436A-99F5-98C1958CF08B}"
EndProject
Project("{F184B08F-C81C-45F6-A57F-5ABD9991F28F}") = "FileCopyPDA", "FileCopyPDA\FileCopyPDA.vbproj", "{7B0DA877-D7C3-47A6-993B-9BB2E0C652D5}"
EndProject
Project("{FAE04EC0-301F-11D3-BF4B-00C04F79EFBC}") = "MongoDbTest", "MongoDbTest\MongoDbTest.csproj", "{3BFF9CAD-81F9-44C8-ABE3-5D29AB24847C}"
	ProjectSection(ProjectDependencies) = postProject
		{352A645D-D9C8-4902-9B8C-20F832AC8CDB} = {352A645D-D9C8-4902-9B8C-20F832AC8CDB}
	EndProjectSection
EndProject
Global
	GlobalSection(SolutionConfigurationPlatforms) = preSolution
		CD_ROM|Any CPU = CD_ROM|Any CPU
		Debug|Any CPU = Debug|Any CPU
		DVD-5|Any CPU = DVD-5|Any CPU
		Release|Any CPU = Release|Any CPU
		SingleImage|Any CPU = SingleImage|Any CPU
	EndGlobalSection
	GlobalSection(ProjectConfigurationPlatforms) = postSolution
		{3CDE9F31-6693-4AF9-AF7F-81FAC9D0A600}.CD_ROM|Any CPU.ActiveCfg = Release|Any CPU
		{3CDE9F31-6693-4AF9-AF7F-81FAC9D0A600}.CD_ROM|Any CPU.Build.0 = Release|Any CPU
		{3CDE9F31-6693-4AF9-AF7F-81FAC9D0A600}.Debug|Any CPU.ActiveCfg = Debug|Any CPU
		{3CDE9F31-6693-4AF9-AF7F-81FAC9D0A600}.Debug|Any CPU.Build.0 = Debug|Any CPU
		{3CDE9F31-6693-4AF9-AF7F-81FAC9D0A600}.DVD-5|Any CPU.ActiveCfg = Debug|Any CPU
		{3CDE9F31-6693-4AF9-AF7F-81FAC9D0A600}.DVD-5|Any CPU.Build.0 = Debug|Any CPU
		{3CDE9F31-6693-4AF9-AF7F-81FAC9D0A600}.Release|Any CPU.ActiveCfg = Release|Any CPU
		{3CDE9F31-6693-4AF9-AF7F-81FAC9D0A600}.Release|Any CPU.Build.0 = Release|Any CPU
		{3CDE9F31-6693-4AF9-AF7F-81FAC9D0A600}.SingleImage|Any CPU.ActiveCfg = Release|Any CPU
		{3CDE9F31-6693-4AF9-AF7F-81FAC9D0A600}.SingleImage|Any CPU.Build.0 = Release|Any CPU
		{352A645D-D9C8-4902-9B8C-20F832AC8CDB}.CD_ROM|Any CPU.ActiveCfg = Release|Any CPU
		{352A645D-D9C8-4902-9B8C-20F832AC8CDB}.CD_ROM|Any CPU.Build.0 = Release|Any CPU
		{352A645D-D9C8-4902-9B8C-20F832AC8CDB}.Debug|Any CPU.ActiveCfg = Debug|Any CPU
		{352A645D-D9C8-4902-9B8C-20F832AC8CDB}.Debug|Any CPU.Build.0 = Debug|Any CPU
		{352A645D-D9C8-4902-9B8C-20F832AC8CDB}.DVD-5|Any CPU.ActiveCfg = Debug|Any CPU
		{352A645D-D9C8-4902-9B8C-20F832AC8CDB}.DVD-5|Any CPU.Build.0 = Debug|Any CPU
		{352A645D-D9C8-4902-9B8C-20F832AC8CDB}.Release|Any CPU.ActiveCfg = Release|Any CPU
		{352A645D-D9C8-4902-9B8C-20F832AC8CDB}.Release|Any CPU.Build.0 = Release|Any CPU
		{352A645D-D9C8-4902-9B8C-20F832AC8CDB}.SingleImage|Any CPU.ActiveCfg = Release|Any CPU
		{352A645D-D9C8-4902-9B8C-20F832AC8CDB}.SingleImage|Any CPU.Build.0 = Release|Any CPU
		{59210896-68D1-4A34-91CC-8D015ECA7061}.CD_ROM|Any CPU.ActiveCfg = Release|Any CPU
		{59210896-68D1-4A34-91CC-8D015ECA7061}.CD_ROM|Any CPU.Build.0 = Release|Any CPU
		{59210896-68D1-4A34-91CC-8D015ECA7061}.Debug|Any CPU.ActiveCfg = Debug|Any CPU
		{59210896-68D1-4A34-91CC-8D015ECA7061}.Debug|Any CPU.Build.0 = Debug|Any CPU
		{59210896-68D1-4A34-91CC-8D015ECA7061}.DVD-5|Any CPU.ActiveCfg = Debug|Any CPU
		{59210896-68D1-4A34-91CC-8D015ECA7061}.DVD-5|Any CPU.Build.0 = Debug|Any CPU
		{59210896-68D1-4A34-91CC-8D015ECA7061}.Release|Any CPU.ActiveCfg = Release|Any CPU
		{59210896-68D1-4A34-91CC-8D015ECA7061}.Release|Any CPU.Build.0 = Release|Any CPU
		{59210896-68D1-4A34-91CC-8D015ECA7061}.SingleImage|Any CPU.ActiveCfg = Release|Any CPU
		{59210896-68D1-4A34-91CC-8D015ECA7061}.SingleImage|Any CPU.Build.0 = Release|Any CPU
		{B833E439-5C8B-41B3-8526-C8300E50D8DA}.CD_ROM|Any CPU.ActiveCfg = Release|Any CPU
		{B833E439-5C8B-41B3-8526-C8300E50D8DA}.CD_ROM|Any CPU.Build.0 = Release|Any CPU
		{B833E439-5C8B-41B3-8526-C8300E50D8DA}.Debug|Any CPU.ActiveCfg = Debug|Any CPU
		{B833E439-5C8B-41B3-8526-C8300E50D8DA}.Debug|Any CPU.Build.0 = Debug|Any CPU
		{B833E439-5C8B-41B3-8526-C8300E50D8DA}.DVD-5|Any CPU.ActiveCfg = Debug|Any CPU
		{B833E439-5C8B-41B3-8526-C8300E50D8DA}.DVD-5|Any CPU.Build.0 = Debug|Any CPU
		{B833E439-5C8B-41B3-8526-C8300E50D8DA}.Release|Any CPU.ActiveCfg = Release|Any CPU
		{B833E439-5C8B-41B3-8526-C8300E50D8DA}.Release|Any CPU.Build.0 = Release|Any CPU
		{B833E439-5C8B-41B3-8526-C8300E50D8DA}.SingleImage|Any CPU.ActiveCfg = Release|Any CPU
		{B833E439-5C8B-41B3-8526-C8300E50D8DA}.SingleImage|Any CPU.Build.0 = Release|Any CPU
		{E20C6D16-B28D-481A-B4FF-52FA762D0156}.CD_ROM|Any CPU.ActiveCfg = Release|Any CPU
		{E20C6D16-B28D-481A-B4FF-52FA762D0156}.CD_ROM|Any CPU.Build.0 = Release|Any CPU
		{E20C6D16-B28D-481A-B4FF-52FA762D0156}.Debug|Any CPU.ActiveCfg = Debug|Any CPU
		{E20C6D16-B28D-481A-B4FF-52FA762D0156}.Debug|Any CPU.Build.0 = Debug|Any CPU
		{E20C6D16-B28D-481A-B4FF-52FA762D0156}.DVD-5|Any CPU.ActiveCfg = Debug|Any CPU
		{E20C6D16-B28D-481A-B4FF-52FA762D0156}.DVD-5|Any CPU.Build.0 = Debug|Any CPU
		{E20C6D16-B28D-481A-B4FF-52FA762D0156}.Release|Any CPU.ActiveCfg = Release|Any CPU
		{E20C6D16-B28D-481A-B4FF-52FA762D0156}.Release|Any CPU.Build.0 = Release|Any CPU
		{E20C6D16-B28D-481A-B4FF-52FA762D0156}.SingleImage|Any CPU.ActiveCfg = Release|Any CPU
		{E20C6D16-B28D-481A-B4FF-52FA762D0156}.SingleImage|Any CPU.Build.0 = Release|Any CPU
		{ECDEC86C-6F2F-436A-99F5-98C1958CF08B}.CD_ROM|Any CPU.ActiveCfg = Release|Any CPU
		{ECDEC86C-6F2F-436A-99F5-98C1958CF08B}.CD_ROM|Any CPU.Build.0 = Release|Any CPU
		{ECDEC86C-6F2F-436A-99F5-98C1958CF08B}.Debug|Any CPU.ActiveCfg = Debug|Any CPU
		{ECDEC86C-6F2F-436A-99F5-98C1958CF08B}.Debug|Any CPU.Build.0 = Debug|Any CPU
		{ECDEC86C-6F2F-436A-99F5-98C1958CF08B}.DVD-5|Any CPU.ActiveCfg = Debug|Any CPU
		{ECDEC86C-6F2F-436A-99F5-98C1958CF08B}.DVD-5|Any CPU.Build.0 = Debug|Any CPU
		{ECDEC86C-6F2F-436A-99F5-98C1958CF08B}.Release|Any CPU.ActiveCfg = Release|Any CPU
		{ECDEC86C-6F2F-436A-99F5-98C1958CF08B}.Release|Any CPU.Build.0 = Release|Any CPU
		{ECDEC86C-6F2F-436A-99F5-98C1958CF08B}.SingleImage|Any CPU.ActiveCfg = Release|Any CPU
		{ECDEC86C-6F2F-436A-99F5-98C1958CF08B}.SingleImage|Any CPU.Build.0 = Release|Any CPU
		{7B0DA877-D7C3-47A6-993B-9BB2E0C652D5}.CD_ROM|Any CPU.ActiveCfg = Release|Any CPU
		{7B0DA877-D7C3-47A6-993B-9BB2E0C652D5}.CD_ROM|Any CPU.Build.0 = Release|Any CPU
		{7B0DA877-D7C3-47A6-993B-9BB2E0C652D5}.Debug|Any CPU.ActiveCfg = Debug|Any CPU
		{7B0DA877-D7C3-47A6-993B-9BB2E0C652D5}.Debug|Any CPU.Build.0 = Debug|Any CPU
		{7B0DA877-D7C3-47A6-993B-9BB2E0C652D5}.DVD-5|Any CPU.ActiveCfg = Debug|Any CPU
		{7B0DA877-D7C3-47A6-993B-9BB2E0C652D5}.DVD-5|Any CPU.Build.0 = Debug|Any CPU
		{7B0DA877-D7C3-47A6-993B-9BB2E0C652D5}.Release|Any CPU.ActiveCfg = Release|Any CPU
		{7B0DA877-D7C3-47A6-993B-9BB2E0C652D5}.Release|Any CPU.Build.0 = Release|Any CPU
		{7B0DA877-D7C3-47A6-993B-9BB2E0C652D5}.SingleImage|Any CPU.ActiveCfg = Release|Any CPU
		{7B0DA877-D7C3-47A6-993B-9BB2E0C652D5}.SingleImage|Any CPU.Build.0 = Release|Any CPU
		{3BFF9CAD-81F9-44C8-ABE3-5D29AB24847C}.CD_ROM|Any CPU.ActiveCfg = Release|Any CPU
		{3BFF9CAD-81F9-44C8-ABE3-5D29AB24847C}.CD_ROM|Any CPU.Build.0 = Release|Any CPU
		{3BFF9CAD-81F9-44C8-ABE3-5D29AB24847C}.Debug|Any CPU.ActiveCfg = Debug|Any CPU
		{3BFF9CAD-81F9-44C8-ABE3-5D29AB24847C}.Debug|Any CPU.Build.0 = Debug|Any CPU
		{3BFF9CAD-81F9-44C8-ABE3-5D29AB24847C}.DVD-5|Any CPU.ActiveCfg = Debug|Any CPU
		{3BFF9CAD-81F9-44C8-ABE3-5D29AB24847C}.DVD-5|Any CPU.Build.0 = Debug|Any CPU
		{3BFF9CAD-81F9-44C8-ABE3-5D29AB24847C}.Release|Any CPU.ActiveCfg = Release|Any CPU
		{3BFF9CAD-81F9-44C8-ABE3-5D29AB24847C}.Release|Any CPU.Build.0 = Release|Any CPU
		{3BFF9CAD-81F9-44C8-ABE3-5D29AB24847C}.SingleImage|Any CPU.ActiveCfg = Release|Any CPU
		{3BFF9CAD-81F9-44C8-ABE3-5D29AB24847C}.SingleImage|Any CPU.Build.0 = Release|Any CPU
	EndGlobalSection
	GlobalSection(SolutionProperties) = preSolution
		HideSolutionNode = FALSE
	EndGlobalSection
	GlobalSection(ExtensibilityGlobals) = postSolution
		SolutionGuid = {A2CC4BEA-E858-4D51-B706-D596447FEE39}
	EndGlobalSection
EndGlobal
